
Microsoft Visual Studio Solution File, Format Version 12.00
# Visual Studio 14
VisualStudioVersion = 14.0.22609.0
MinimumVisualStudioVersion = 10.0.40219.1
Project("{FAE04EC0-301F-11D3-BF4B-00C04F79EFBC}") = "ManualOAuthApp", "ManualOAuthApp\ManualOAuthApp.csproj", "{06DF0B17-F14C-4162-A891-2E649DF803E5}"
EndProject
Global
	GlobalSection(SolutionConfigurationPlatforms) = preSolution
		Debug|Any CPU = Debug|Any CPU
		Release|Any CPU = Release|Any CPU
	EndGlobalSection
	GlobalSection(ProjectConfigurationPlatforms) = postSolution
		{06DF0B17-F14C-4162-A891-2E649DF803E5}.Debug|Any CPU.ActiveCfg = Debug|Any CPU
		{06DF0B17-F14C-4162-A891-2E649DF803E5}.Debug|Any CPU.Build.0 = Debug|Any CPU
		{06DF0B17-F14C-4162-A891-2E649DF803E5}.Release|Any CPU.ActiveCfg = Release|Any CPU
		{06DF0B17-F14C-4162-A891-2E649DF803E5}.Release|Any CPU.Build.0 = Release|Any CPU
	EndGlobalSection
	GlobalSection(SolutionProperties) = preSolution
		HideSolutionNode = FALSE
	EndGlobalSection
EndGlobal
