
Microsoft Visual Studio Solution File, Format Version 12.00
# Visual Studio 14
VisualStudioVersion = 14.0.25420.1
MinimumVisualStudioVersion = 10.0.40219.1
Project("{FAE04EC0-301F-11D3-BF4B-00C04F79EFBC}") = "OutlookBitlyShortenerV2", "OutlookBitlyShortenerV2\OutlookBitlyShortenerV2.csproj", "{509F03BB-6896-4308-9156-79D18EA75497}"
EndProject
Project("{FAE04EC0-301F-11D3-BF4B-00C04F79EFBC}") = "OutlookBitlyShortenerV2Web", "OutlookBitlyShortenerV2Web\OutlookBitlyShortenerV2Web.csproj", "{BED8028C-CD70-436B-89BD-B82267050E20}"
EndProject
Global
	GlobalSection(SolutionConfigurationPlatforms) = preSolution
		Debug|Any CPU = Debug|Any CPU
		Release|Any CPU = Release|Any CPU
	EndGlobalSection
	GlobalSection(ProjectConfigurationPlatforms) = postSolution
		{509F03BB-6896-4308-9156-79D18EA75497}.Debug|Any CPU.ActiveCfg = Debug|Any CPU
		{509F03BB-6896-4308-9156-79D18EA75497}.Debug|Any CPU.Build.0 = Debug|Any CPU
		{509F03BB-6896-4308-9156-79D18EA75497}.Debug|Any CPU.Deploy.0 = Debug|Any CPU
		{509F03BB-6896-4308-9156-79D18EA75497}.Release|Any CPU.ActiveCfg = Release|Any CPU
		{509F03BB-6896-4308-9156-79D18EA75497}.Release|Any CPU.Build.0 = Release|Any CPU
		{509F03BB-6896-4308-9156-79D18EA75497}.Release|Any CPU.Deploy.0 = Release|Any CPU
		{BED8028C-CD70-436B-89BD-B82267050E20}.Debug|Any CPU.ActiveCfg = Debug|Any CPU
		{BED8028C-CD70-436B-89BD-B82267050E20}.Debug|Any CPU.Build.0 = Debug|Any CPU
		{BED8028C-CD70-436B-89BD-B82267050E20}.Release|Any CPU.ActiveCfg = Release|Any CPU
		{BED8028C-CD70-436B-89BD-B82267050E20}.Release|Any CPU.Build.0 = Release|Any CPU
	EndGlobalSection
	GlobalSection(SolutionProperties) = preSolution
		HideSolutionNode = FALSE
	EndGlobalSection
EndGlobal
